
Microsoft Visual Studio Solution File, Format Version 12.00
# Visual Studio Version 17
VisualStudioVersion = 17.13.35919.96 d17.13
MinimumVisualStudioVersion = 10.0.40219.1
Project("{FAE04EC0-301F-11D3-BF4B-00C04F79EFBC}") = "ApartmentBookingApp", "ApartmentBookingApp\ApartmentBookingApp.csproj", "{BAFA959F-38E0-43BE-802A-6DCCF2644166}"
EndProject
Global
	GlobalSection(SolutionConfigurationPlatforms) = preSolution
		Debug|Any CPU = Debug|Any CPU
		Release|Any CPU = Release|Any CPU
	EndGlobalSection
	GlobalSection(ProjectConfigurationPlatforms) = postSolution
		{BAFA959F-38E0-43BE-802A-6DCCF2644166}.Debug|Any CPU.ActiveCfg = Debug|Any CPU
		{BAFA959F-38E0-43BE-802A-6DCCF2644166}.Debug|Any CPU.Build.0 = Debug|Any CPU
		{BAFA959F-38E0-43BE-802A-6DCCF2644166}.Release|Any CPU.ActiveCfg = Release|Any CPU
		{BAFA959F-38E0-43BE-802A-6DCCF2644166}.Release|Any CPU.Build.0 = Release|Any CPU
	EndGlobalSection
	GlobalSection(SolutionProperties) = preSolution
		HideSolutionNode = FALSE
	EndGlobalSection
	GlobalSection(ExtensibilityGlobals) = postSolution
		SolutionGuid = {ABED3F07-F35B-44C0-B88C-26F6E26E09D3}
	EndGlobalSection
EndGlobal
